// !$*UTF8*$!
{
	archiveVersion = 1;
	classes = {
	};
	objectVersion = 55;
	objects = {

/* Begin PBXBuildFile section */
		57946E1728C4FC44005BE8FE /* AppDelegate.swift in Sources */ = {isa = PBXBuildFile; fileRef = 57946E1628C4FC44005BE8FE /* AppDelegate.swift */; };
		57946E1928C4FC44005BE8FE /* SceneDelegate.swift in Sources */ = {isa = PBXBuildFile; fileRef = 57946E1828C4FC44005BE8FE /* SceneDelegate.swift */; };
		57946E1B28C4FC44005BE8FE /* ViewController.swift in Sources */ = {isa = PBXBuildFile; fileRef = 57946E1A28C4FC44005BE8FE /* ViewController.swift */; };
		57946E1E28C4FC44005BE8FE /* Main.storyboard in Resources */ = {isa = PBXBuildFile; fileRef = 57946E1C28C4FC44005BE8FE /* Main.storyboard */; };
		57946E2028C4FC44005BE8FE /* Assets.xcassets in Resources */ = {isa = PBXBuildFile; fileRef = 57946E1F28C4FC44005BE8FE /* Assets.xcassets */; };
		57946E2328C4FC44005BE8FE /* LaunchScreen.storyboard in Resources */ = {isa = PBXBuildFile; fileRef = 57946E2128C4FC44005BE8FE /* LaunchScreen.storyboard */; };
		57946E2E28C4FC45005BE8FE /* DeliveryFoodTests.swift in Sources */ = {isa = PBXBuildFile; fileRef = 57946E2D28C4FC45005BE8FE /* DeliveryFoodTests.swift */; };
		57946E3828C4FC45005BE8FE /* DeliveryFoodUITests.swift in Sources */ = {isa = PBXBuildFile; fileRef = 57946E3728C4FC45005BE8FE /* DeliveryFoodUITests.swift */; };
		57946E3A28C4FC45005BE8FE /* DeliveryFoodUITestsLaunchTests.swift in Sources */ = {isa = PBXBuildFile; fileRef = 57946E3928C4FC45005BE8FE /* DeliveryFoodUITestsLaunchTests.swift */; };
/* End PBXBuildFile section */

/* Begin PBXContainerItemProxy section */
		57946E2A28C4FC45005BE8FE /* PBXContainerItemProxy */ = {
			isa = PBXContainerItemProxy;
			containerPortal = 57946E0B28C4FC44005BE8FE /* Project object */;
			proxyType = 1;
			remoteGlobalIDString = 57946E1228C4FC44005BE8FE;
			remoteInfo = DeliveryFood;
		};
		57946E3428C4FC45005BE8FE /* PBXContainerItemProxy */ = {
			isa = PBXContainerItemProxy;
			containerPortal = 57946E0B28C4FC44005BE8FE /* Project object */;
			proxyType = 1;
			remoteGlobalIDString = 57946E1228C4FC44005BE8FE;
			remoteInfo = DeliveryFood;
		};
/* End PBXContainerItemProxy section */

/* Begin PBXFileReference section */
		57946E1328C4FC44005BE8FE /* DeliveryFood.app */ = {isa = PBXFileReference; explicitFileType = wrapper.application; includeInIndex = 0; path = DeliveryFood.app; sourceTree = BUILT_PRODUCTS_DIR; };
		57946E1628C4FC44005BE8FE /* AppDelegate.swift */ = {isa = PBXFileReference; lastKnownFileType = sourcecode.swift; path = AppDelegate.swift; sourceTree = "<group>"; };
		57946E1828C4FC44005BE8FE /* SceneDelegate.swift */ = {isa = PBXFileReference; lastKnownFileType = sourcecode.swift; path = SceneDelegate.swift; sourceTree = "<group>"; };
		57946E1A28C4FC44005BE8FE /* ViewController.swift */ = {isa = PBXFileReference; lastKnownFileType = sourcecode.swift; path = ViewController.swift; sourceTree = "<group>"; };
		57946E1D28C4FC44005BE8FE /* Base */ = {isa = PBXFileReference; lastKnownFileType = file.storyboard; name = Base; path = Base.lproj/Main.storyboard; sourceTree = "<group>"; };
		57946E1F28C4FC44005BE8FE /* Assets.xcassets */ = {isa = PBXFileReference; lastKnownFileType = folder.assetcatalog; path = Assets.xcassets; sourceTree = "<group>"; };
		57946E2228C4FC44005BE8FE /* Base */ = {isa = PBXFileReference; lastKnownFileType = file.storyboard; name = Base; path = Base.lproj/LaunchScreen.storyboard; sourceTree = "<group>"; };
		57946E2428C4FC44005BE8FE /* Info.plist */ = {isa = PBXFileReference; lastKnownFileType = text.plist.xml; path = Info.plist; sourceTree = "<group>"; };
		57946E2928C4FC45005BE8FE /* DeliveryFoodTests.xctest */ = {isa = PBXFileReference; explicitFileType = wrapper.cfbundle; includeInIndex = 0; path = DeliveryFoodTests.xctest; sourceTree = BUILT_PRODUCTS_DIR; };
		57946E2D28C4FC45005BE8FE /* DeliveryFoodTests.swift */ = {isa = PBXFileReference; lastKnownFileType = sourcecode.swift; path = DeliveryFoodTests.swift; sourceTree = "<group>"; };
		57946E3328C4FC45005BE8FE /* DeliveryFoodUITests.xctest */ = {isa = PBXFileReference; explicitFileType = wrapper.cfbundle; includeInIndex = 0; path = DeliveryFoodUITests.xctest; sourceTree = BUILT_PRODUCTS_DIR; };
		57946E3728C4FC45005BE8FE /* DeliveryFoodUITests.swift */ = {isa = PBXFileReference; lastKnownFileType = sourcecode.swift; path = DeliveryFoodUITests.swift; sourceTree = "<group>"; };
		57946E3928C4FC45005BE8FE /* DeliveryFoodUITestsLaunchTests.swift */ = {isa = PBXFileReference; lastKnownFileType = sourcecode.swift; path = DeliveryFoodUITestsLaunchTests.swift; sourceTree = "<group>"; };
/* End PBXFileReference section */

/* Begin PBXFrameworksBuildPhase section */
		57946E1028C4FC44005BE8FE /* Frameworks */ = {
			isa = PBXFrameworksBuildPhase;
			buildActionMask = 2147483647;
			files = (
			);
			runOnlyForDeploymentPostprocessing = 0;
		};
		57946E2628C4FC45005BE8FE /* Frameworks */ = {
			isa = PBXFrameworksBuildPhase;
			buildActionMask = 2147483647;
			files = (
			);
			runOnlyForDeploymentPostprocessing = 0;
		};
		57946E3028C4FC45005BE8FE /* Frameworks */ = {
			isa = PBXFrameworksBuildPhase;
			buildActionMask = 2147483647;
			files = (
			);
			runOnlyForDeploymentPostprocessing = 0;
		};
/* End PBXFrameworksBuildPhase section */

/* Begin PBXGroup section */
		57946E0A28C4FC44005BE8FE = {
			isa = PBXGroup;
			children = (
				57946E1528C4FC44005BE8FE /* DeliveryFood */,
				57946E2C28C4FC45005BE8FE /* DeliveryFoodTests */,
				57946E3628C4FC45005BE8FE /* DeliveryFoodUITests */,
				57946E1428C4FC44005BE8FE /* Products */,
			);
			sourceTree = "<group>";
		};
		57946E1428C4FC44005BE8FE /* Products */ = {
			isa = PBXGroup;
			children = (
				57946E1328C4FC44005BE8FE /* DeliveryFood.app */,
				57946E2928C4FC45005BE8FE /* DeliveryFoodTests.xctest */,
				57946E3328C4FC45005BE8FE /* DeliveryFoodUITests.xctest */,
			);
			name = Products;
			sourceTree = "<group>";
		};
		57946E1528C4FC44005BE8FE /* DeliveryFood */ = {
			isa = PBXGroup;
			children = (
				57946E1628C4FC44005BE8FE /* AppDelegate.swift */,
				57946E1828C4FC44005BE8FE /* SceneDelegate.swift */,
				57946E1A28C4FC44005BE8FE /* ViewController.swift */,
				57946E1C28C4FC44005BE8FE /* Main.storyboard */,
				57946E1F28C4FC44005BE8FE /* Assets.xcassets */,
				57946E2128C4FC44005BE8FE /* LaunchScreen.storyboard */,
				57946E2428C4FC44005BE8FE /* Info.plist */,
			);
			path = DeliveryFood;
			sourceTree = "<group>";
		};
		57946E2C28C4FC45005BE8FE /* DeliveryFoodTests */ = {
			isa = PBXGroup;
			children = (
				57946E2D28C4FC45005BE8FE /* DeliveryFoodTests.swift */,
			);
			path = DeliveryFoodTests;
			sourceTree = "<group>";
		};
		57946E3628C4FC45005BE8FE /* DeliveryFoodUITests */ = {
			isa = PBXGroup;
			children = (
				57946E3728C4FC45005BE8FE /* DeliveryFoodUITests.swift */,
				57946E3928C4FC45005BE8FE /* DeliveryFoodUITestsLaunchTests.swift */,
			);
			path = DeliveryFoodUITests;
			sourceTree = "<group>";
		};
/* End PBXGroup section */

/* Begin PBXNativeTarget section */
		57946E1228C4FC44005BE8FE /* DeliveryFood */ = {
			isa = PBXNativeTarget;
			buildConfigurationList = 57946E3D28C4FC45005BE8FE /* Build configuration list for PBXNativeTarget "DeliveryFood" */;
			buildPhases = (
				57946E0F28C4FC44005BE8FE /* Sources */,
				57946E1028C4FC44005BE8FE /* Frameworks */,
				57946E1128C4FC44005BE8FE /* Resources */,
			);
			buildRules = (
			);
			dependencies = (
			);
			name = DeliveryFood;
			productName = DeliveryFood;
			productReference = 57946E1328C4FC44005BE8FE /* DeliveryFood.app */;
			productType = "com.apple.product-type.application";
		};
		57946E2828C4FC45005BE8FE /* DeliveryFoodTests */ = {
			isa = PBXNativeTarget;
			buildConfigurationList = 57946E4028C4FC45005BE8FE /* Build configuration list for PBXNativeTarget "DeliveryFoodTests" */;
			buildPhases = (
				57946E2528C4FC45005BE8FE /* Sources */,
				57946E2628C4FC45005BE8FE /* Frameworks */,
				57946E2728C4FC45005BE8FE /* Resources */,
			);
			buildRules = (
			);
			dependencies = (
				57946E2B28C4FC45005BE8FE /* PBXTargetDependency */,
			);
			name = DeliveryFoodTests;
			productName = DeliveryFoodTests;
			productReference = 57946E2928C4FC45005BE8FE /* DeliveryFoodTests.xctest */;
			productType = "com.apple.product-type.bundle.unit-test";
		};
		57946E3228C4FC45005BE8FE /* DeliveryFoodUITests */ = {
			isa = PBXNativeTarget;
			buildConfigurationList = 57946E4328C4FC45005BE8FE /* Build configuration list for PBXNativeTarget "DeliveryFoodUITests" */;
			buildPhases = (
				57946E2F28C4FC45005BE8FE /* Sources */,
				57946E3028C4FC45005BE8FE /* Frameworks */,
				57946E3128C4FC45005BE8FE /* Resources */,
			);
			buildRules = (
			);
			dependencies = (
				57946E3528C4FC45005BE8FE /* PBXTargetDependency */,
			);
			name = DeliveryFoodUITests;
			productName = DeliveryFoodUITests;
			productReference = 57946E3328C4FC45005BE8FE /* DeliveryFoodUITests.xctest */;
			productType = "com.apple.product-type.bundle.ui-testing";
		};
/* End PBXNativeTarget section */

/* Begin PBXProject section */
		57946E0B28C4FC44005BE8FE /* Project object */ = {
			isa = PBXProject;
			attributes = {
				BuildIndependentTargetsInParallel = 1;
				LastSwiftUpdateCheck = 1340;
				LastUpgradeCheck = 1340;
				TargetAttributes = {
					57946E1228C4FC44005BE8FE = {
						CreatedOnToolsVersion = 13.4.1;
					};
					57946E2828C4FC45005BE8FE = {
						CreatedOnToolsVersion = 13.4.1;
						TestTargetID = 57946E1228C4FC44005BE8FE;
					};
					57946E3228C4FC45005BE8FE = {
						CreatedOnToolsVersion = 13.4.1;
						TestTargetID = 57946E1228C4FC44005BE8FE;
					};
				};
			};
			buildConfigurationList = 57946E0E28C4FC44005BE8FE /* Build configuration list for PBXProject "DeliveryFood" */;
			compatibilityVersion = "Xcode 13.0";
			developmentRegion = en;
			hasScannedForEncodings = 0;
			knownRegions = (
				en,
				Base,
			);
			mainGroup = 57946E0A28C4FC44005BE8FE;
			productRefGroup = 57946E1428C4FC44005BE8FE /* Products */;
			projectDirPath = "";
			projectRoot = "";
			targets = (
				57946E1228C4FC44005BE8FE /* DeliveryFood */,
				57946E2828C4FC45005BE8FE /* DeliveryFoodTests */,
				57946E3228C4FC45005BE8FE /* DeliveryFoodUITests */,
			);
		};
/* End PBXProject section */

/* Begin PBXResourcesBuildPhase section */
		57946E1128C4FC44005BE8FE /* Resources */ = {
			isa = PBXResourcesBuildPhase;
			buildActionMask = 2147483647;
			files = (
				57946E2328C4FC44005BE8FE /* LaunchScreen.storyboard in Resources */,
				57946E2028C4FC44005BE8FE /* Assets.xcassets in Resources */,
				57946E1E28C4FC44005BE8FE /* Main.storyboard in Resources */,
			);
			runOnlyForDeploymentPostprocessing = 0;
		};
		57946E2728C4FC45005BE8FE /* Resources */ = {
			isa = PBXResourcesBuildPhase;
			buildActionMask = 2147483647;
			files = (
			);
			runOnlyForDeploymentPostprocessing = 0;
		};
		57946E3128C4FC45005BE8FE /* Resources */ = {
			isa = PBXResourcesBuildPhase;
			buildActionMask = 2147483647;
			files = (
			);
			runOnlyForDeploymentPostprocessing = 0;
		};
/* End PBXResourcesBuildPhase section */

/* Begin PBXSourcesBuildPhase section */
		57946E0F28C4FC44005BE8FE /* Sources */ = {
			isa = PBXSourcesBuildPhase;
			buildActionMask = 2147483647;
			files = (
				57946E1B28C4FC44005BE8FE /* ViewController.swift in Sources */,
				57946E1728C4FC44005BE8FE /* AppDelegate.swift in Sources */,
				57946E1928C4FC44005BE8FE /* SceneDelegate.swift in Sources */,
			);
			runOnlyForDeploymentPostprocessing = 0;
		};
		57946E2528C4FC45005BE8FE /* Sources */ = {
			isa = PBXSourcesBuildPhase;
			buildActionMask = 2147483647;
			files = (
				57946E2E28C4FC45005BE8FE /* DeliveryFoodTests.swift in Sources */,
			);
			runOnlyForDeploymentPostprocessing = 0;
		};
		57946E2F28C4FC45005BE8FE /* Sources */ = {
			isa = PBXSourcesBuildPhase;
			buildActionMask = 2147483647;
			files = (
				57946E3A28C4FC45005BE8FE /* DeliveryFoodUITestsLaunchTests.swift in Sources */,
				57946E3828C4FC45005BE8FE /* DeliveryFoodUITests.swift in Sources */,
			);
			runOnlyForDeploymentPostprocessing = 0;
		};
/* End PBXSourcesBuildPhase section */

/* Begin PBXTargetDependency section */
		57946E2B28C4FC45005BE8FE /* PBXTargetDependency */ = {
			isa = PBXTargetDependency;
			target = 57946E1228C4FC44005BE8FE /* DeliveryFood */;
			targetProxy = 57946E2A28C4FC45005BE8FE /* PBXContainerItemProxy */;
		};
		57946E3528C4FC45005BE8FE /* PBXTargetDependency */ = {
			isa = PBXTargetDependency;
			target = 57946E1228C4FC44005BE8FE /* DeliveryFood */;
			targetProxy = 57946E3428C4FC45005BE8FE /* PBXContainerItemProxy */;
		};
/* End PBXTargetDependency section */

/* Begin PBXVariantGroup section */
		57946E1C28C4FC44005BE8FE /* Main.storyboard */ = {
			isa = PBXVariantGroup;
			children = (
				57946E1D28C4FC44005BE8FE /* Base */,
			);
			name = Main.storyboard;
			sourceTree = "<group>";
		};
		57946E2128C4FC44005BE8FE /* LaunchScreen.storyboard */ = {
			isa = PBXVariantGroup;
			children = (
				57946E2228C4FC44005BE8FE /* Base */,
			);
			name = LaunchScreen.storyboard;
			sourceTree = "<group>";
		};
/* End PBXVariantGroup section */

/* Begin XCBuildConfiguration section */
		57946E3B28C4FC45005BE8FE /* Debug */ = {
			isa = XCBuildConfiguration;
			buildSettings = {
				ALWAYS_SEARCH_USER_PATHS = NO;
				CLANG_ANALYZER_NONNULL = YES;
				CLANG_ANALYZER_NUMBER_OBJECT_CONVERSION = YES_AGGRESSIVE;
				CLANG_CXX_LANGUAGE_STANDARD = "gnu++17";
				CLANG_ENABLE_MODULES = YES;
				CLANG_ENABLE_OBJC_ARC = YES;
				CLANG_ENABLE_OBJC_WEAK = YES;
				CLANG_WARN_BLOCK_CAPTURE_AUTORELEASING = YES;
				CLANG_WARN_BOOL_CONVERSION = YES;
				CLANG_WARN_COMMA = YES;
				CLANG_WARN_CONSTANT_CONVERSION = YES;
				CLANG_WARN_DEPRECATED_OBJC_IMPLEMENTATIONS = YES;
				CLANG_WARN_DIRECT_OBJC_ISA_USAGE = YES_ERROR;
				CLANG_WARN_DOCUMENTATION_COMMENTS = YES;
				CLANG_WARN_EMPTY_BODY = YES;
				CLANG_WARN_ENUM_CONVERSION = YES;
				CLANG_WARN_INFINITE_RECURSION = YES;
				CLANG_WARN_INT_CONVERSION = YES;
				CLANG_WARN_NON_LITERAL_NULL_CONVERSION = YES;
				CLANG_WARN_OBJC_IMPLICIT_RETAIN_SELF = YES;
				CLANG_WARN_OBJC_LITERAL_CONVERSION = YES;
				CLANG_WARN_OBJC_ROOT_CLASS = YES_ERROR;
				CLANG_WARN_QUOTED_INCLUDE_IN_FRAMEWORK_HEADER = YES;
				CLANG_WARN_RANGE_LOOP_ANALYSIS = YES;
				CLANG_WARN_STRICT_PROTOTYPES = YES;
				CLANG_WARN_SUSPICIOUS_MOVE = YES;
				CLANG_WARN_UNGUARDED_AVAILABILITY = YES_AGGRESSIVE;
				CLANG_WARN_UNREACHABLE_CODE = YES;
				CLANG_WARN__DUPLICATE_METHOD_MATCH = YES;
				COPY_PHASE_STRIP = NO;
				DEBUG_INFORMATION_FORMAT = dwarf;
				ENABLE_STRICT_OBJC_MSGSEND = YES;
				ENABLE_TESTABILITY = YES;
				GCC_C_LANGUAGE_STANDARD = gnu11;
				GCC_DYNAMIC_NO_PIC = NO;
				GCC_NO_COMMON_BLOCKS = YES;
				GCC_OPTIMIZATION_LEVEL = 0;
				GCC_PREPROCESSOR_DEFINITIONS = (
					"DEBUG=1",
					"$(inherited)",
				);
				GCC_WARN_64_TO_32_BIT_CONVERSION = YES;
				GCC_WARN_ABOUT_RETURN_TYPE = YES_ERROR;
				GCC_WARN_UNDECLARED_SELECTOR = YES;
				GCC_WARN_UNINITIALIZED_AUTOS = YES_AGGRESSIVE;
				GCC_WARN_UNUSED_FUNCTION = YES;
				GCC_WARN_UNUSED_VARIABLE = YES;
				IPHONEOS_DEPLOYMENT_TARGET = 15.5;
				MTL_ENABLE_DEBUG_INFO = INCLUDE_SOURCE;
				MTL_FAST_MATH = YES;
				ONLY_ACTIVE_ARCH = YES;
				SDKROOT = iphoneos;
				SWIFT_ACTIVE_COMPILATION_CONDITIONS = DEBUG;
				SWIFT_OPTIMIZATION_LEVEL = "-Onone";
			};
			name = Debug;
		};
		57946E3C28C4FC45005BE8FE /* Release */ = {
			isa = XCBuildConfiguration;
			buildSettings = {
				ALWAYS_SEARCH_USER_PATHS = NO;
				CLANG_ANALYZER_NONNULL = YES;
				CLANG_ANALYZER_NUMBER_OBJECT_CONVERSION = YES_AGGRESSIVE;
				CLANG_CXX_LANGUAGE_STANDARD = "gnu++17";
				CLANG_ENABLE_MODULES = YES;
				CLANG_ENABLE_OBJC_ARC = YES;
				CLANG_ENABLE_OBJC_WEAK = YES;
				CLANG_WARN_BLOCK_CAPTURE_AUTORELEASING = YES;
				CLANG_WARN_BOOL_CONVERSION = YES;
				CLANG_WARN_COMMA = YES;
				CLANG_WARN_CONSTANT_CONVERSION = YES;
				CLANG_WARN_DEPRECATED_OBJC_IMPLEMENTATIONS = YES;
				CLANG_WARN_DIRECT_OBJC_ISA_USAGE = YES_ERROR;
				CLANG_WARN_DOCUMENTATION_COMMENTS = YES;
				CLANG_WARN_EMPTY_BODY = YES;
				CLANG_WARN_ENUM_CONVERSION = YES;
				CLANG_WARN_INFINITE_RECURSION = YES;
				CLANG_WARN_INT_CONVERSION = YES;
				CLANG_WARN_NON_LITERAL_NULL_CONVERSION = YES;
				CLANG_WARN_OBJC_IMPLICIT_RETAIN_SELF = YES;
				CLANG_WARN_OBJC_LITERAL_CONVERSION = YES;
				CLANG_WARN_OBJC_ROOT_CLASS = YES_ERROR;
				CLANG_WARN_QUOTED_INCLUDE_IN_FRAMEWORK_HEADER = YES;
				CLANG_WARN_RANGE_LOOP_ANALYSIS = YES;
				CLANG_WARN_STRICT_PROTOTYPES = YES;
				CLANG_WARN_SUSPICIOUS_MOVE = YES;
				CLANG_WARN_UNGUARDED_AVAILABILITY = YES_AGGRESSIVE;
				CLANG_WARN_UNREACHABLE_CODE = YES;
				CLANG_WARN__DUPLICATE_METHOD_MATCH = YES;
				COPY_PHASE_STRIP = NO;
				DEBUG_INFORMATION_FORMAT = "dwarf-with-dsym";
				ENABLE_NS_ASSERTIONS = NO;
				ENABLE_STRICT_OBJC_MSGSEND = YES;
				GCC_C_LANGUAGE_STANDARD = gnu11;
				GCC_NO_COMMON_BLOCKS = YES;
				GCC_WARN_64_TO_32_BIT_CONVERSION = YES;
				GCC_WARN_ABOUT_RETURN_TYPE = YES_ERROR;
				GCC_WARN_UNDECLARED_SELECTOR = YES;
				GCC_WARN_UNINITIALIZED_AUTOS = YES_AGGRESSIVE;
				GCC_WARN_UNUSED_FUNCTION = YES;
				GCC_WARN_UNUSED_VARIABLE = YES;
				IPHONEOS_DEPLOYMENT_TARGET = 15.5;
				MTL_ENABLE_DEBUG_INFO = NO;
				MTL_FAST_MATH = YES;
				SDKROOT = iphoneos;
				SWIFT_COMPILATION_MODE = wholemodule;
				SWIFT_OPTIMIZATION_LEVEL = "-O";
				VALIDATE_PRODUCT = YES;
			};
			name = Release;
		};
		57946E3E28C4FC45005BE8FE /* Debug */ = {
			isa = XCBuildConfiguration;
			buildSettings = {
				ASSETCATALOG_COMPILER_APPICON_NAME = AppIcon;
				ASSETCATALOG_COMPILER_GLOBAL_ACCENT_COLOR_NAME = AccentColor;
				CODE_SIGN_STYLE = Automatic;
				CURRENT_PROJECT_VERSION = 1;
				DEVELOPMENT_TEAM = AW7PB72PXH;
				GENERATE_INFOPLIST_FILE = YES;
				INFOPLIST_FILE = DeliveryFood/Info.plist;
				INFOPLIST_KEY_UIApplicationSupportsIndirectInputEvents = YES;
				INFOPLIST_KEY_UILaunchStoryboardName = LaunchScreen;
				INFOPLIST_KEY_UIMainStoryboardFile = Main;
				INFOPLIST_KEY_UISupportedInterfaceOrientations_iPad = "UIInterfaceOrientationPortrait UIInterfaceOrientationPortraitUpsideDown UIInterfaceOrientationLandscapeLeft UIInterfaceOrientationLandscapeRight";
				INFOPLIST_KEY_UISupportedInterfaceOrientations_iPhone = "UIInterfaceOrientationPortrait UIInterfaceOrientationLandscapeLeft UIInterfaceOrientationLandscapeRight";
				LD_RUNPATH_SEARCH_PATHS = (
					"$(inherited)",
					"@executable_path/Frameworks",
				);
				MARKETING_VERSION = 1.0;
				PRODUCT_BUNDLE_IDENTIFIER = dikan.igor.DeliveryFood;
				PRODUCT_NAME = "$(TARGET_NAME)";
				SWIFT_EMIT_LOC_STRINGS = YES;
				SWIFT_VERSION = 5.0;
				TARGETED_DEVICE_FAMILY = "1,2";
			};
			name = Debug;
		};
		57946E3F28C4FC45005BE8FE /* Release */ = {
			isa = XCBuildConfiguration;
			buildSettings = {
				ASSETCATALOG_COMPILER_APPICON_NAME = AppIcon;
				ASSETCATALOG_COMPILER_GLOBAL_ACCENT_COLOR_NAME = AccentColor;
				CODE_SIGN_STYLE = Automatic;
				CURRENT_PROJECT_VERSION = 1;
				DEVELOPMENT_TEAM = AW7PB72PXH;
				GENERATE_INFOPLIST_FILE = YES;
				INFOPLIST_FILE = DeliveryFood/Info.plist;
				INFOPLIST_KEY_UIApplicationSupportsIndirectInputEvents = YES;
				INFOPLIST_KEY_UILaunchStoryboardName = LaunchScreen;
				INFOPLIST_KEY_UIMainStoryboardFile = Main;
				INFOPLIST_KEY_UISupportedInterfaceOrientations_iPad = "UIInterfaceOrientationPortrait UIInterfaceOrientationPortraitUpsideDown UIInterfaceOrientationLandscapeLeft UIInterfaceOrientationLandscapeRight";
				INFOPLIST_KEY_UISupportedInterfaceOrientations_iPhone = "UIInterfaceOrientationPortrait UIInterfaceOrientationLandscapeLeft UIInterfaceOrientationLandscapeRight";
				LD_RUNPATH_SEARCH_PATHS = (
					"$(inherited)",
					"@executable_path/Frameworks",
				);
				MARKETING_VERSION = 1.0;
				PRODUCT_BUNDLE_IDENTIFIER = dikan.igor.DeliveryFood;
				PRODUCT_NAME = "$(TARGET_NAME)";
				SWIFT_EMIT_LOC_STRINGS = YES;
				SWIFT_VERSION = 5.0;
				TARGETED_DEVICE_FAMILY = "1,2";
			};
			name = Release;
		};
		57946E4128C4FC45005BE8FE /* Debug */ = {
			isa = XCBuildConfiguration;
			buildSettings = {
				ALWAYS_EMBED_SWIFT_STANDARD_LIBRARIES = YES;
				BUNDLE_LOADER = "$(TEST_HOST)";
				CODE_SIGN_STYLE = Automatic;
				CURRENT_PROJECT_VERSION = 1;
				DEVELOPMENT_TEAM = AW7PB72PXH;
				GENERATE_INFOPLIST_FILE = YES;
				IPHONEOS_DEPLOYMENT_TARGET = 15.5;
				MARKETING_VERSION = 1.0;
				PRODUCT_BUNDLE_IDENTIFIER = dikan.igor.DeliveryFoodTests;
				PRODUCT_NAME = "$(TARGET_NAME)";
				SWIFT_EMIT_LOC_STRINGS = NO;
				SWIFT_VERSION = 5.0;
				TARGETED_DEVICE_FAMILY = "1,2";
				TEST_HOST = "$(BUILT_PRODUCTS_DIR)/DeliveryFood.app/DeliveryFood";
			};
			name = Debug;
		};
		57946E4228C4FC45005BE8FE /* Release */ = {
			isa = XCBuildConfiguration;
			buildSettings = {
				ALWAYS_EMBED_SWIFT_STANDARD_LIBRARIES = YES;
				BUNDLE_LOADER = "$(TEST_HOST)";
				CODE_SIGN_STYLE = Automatic;
				CURRENT_PROJECT_VERSION = 1;
				DEVELOPMENT_TEAM = AW7PB72PXH;
				GENERATE_INFOPLIST_FILE = YES;
				IPHONEOS_DEPLOYMENT_TARGET = 15.5;
				MARKETING_VERSION = 1.0;
				PRODUCT_BUNDLE_IDENTIFIER = dikan.igor.DeliveryFoodTests;
				PRODUCT_NAME = "$(TARGET_NAME)";
				SWIFT_EMIT_LOC_STRINGS = NO;
				SWIFT_VERSION = 5.0;
				TARGETED_DEVICE_FAMILY = "1,2";
				TEST_HOST = "$(BUILT_PRODUCTS_DIR)/DeliveryFood.app/DeliveryFood";
			};
			name = Release;
		};
		57946E4428C4FC45005BE8FE /* Debug */ = {
			isa = XCBuildConfiguration;
			buildSettings = {
				ALWAYS_EMBED_SWIFT_STANDARD_LIBRARIES = YES;
				CODE_SIGN_STYLE = Automatic;
				CURRENT_PROJECT_VERSION = 1;
				DEVELOPMENT_TEAM = AW7PB72PXH;
				GENERATE_INFOPLIST_FILE = YES;
				MARKETING_VERSION = 1.0;
				PRODUCT_BUNDLE_IDENTIFIER = dikan.igor.DeliveryFoodUITests;
				PRODUCT_NAME = "$(TARGET_NAME)";
				SWIFT_EMIT_LOC_STRINGS = NO;
				SWIFT_VERSION = 5.0;
				TARGETED_DEVICE_FAMILY = "1,2";
				TEST_TARGET_NAME = DeliveryFood;
			};
			name = Debug;
		};
		57946E4528C4FC45005BE8FE /* Release */ = {
			isa = XCBuildConfiguration;
			buildSettings = {
				ALWAYS_EMBED_SWIFT_STANDARD_LIBRARIES = YES;
				CODE_SIGN_STYLE = Automatic;
				CURRENT_PROJECT_VERSION = 1;
				DEVELOPMENT_TEAM = AW7PB72PXH;
				GENERATE_INFOPLIST_FILE = YES;
				MARKETING_VERSION = 1.0;
				PRODUCT_BUNDLE_IDENTIFIER = dikan.igor.DeliveryFoodUITests;
				PRODUCT_NAME = "$(TARGET_NAME)";
				SWIFT_EMIT_LOC_STRINGS = NO;
				SWIFT_VERSION = 5.0;
				TARGETED_DEVICE_FAMILY = "1,2";
				TEST_TARGET_NAME = DeliveryFood;
			};
			name = Release;
		};
/* End XCBuildConfiguration section */

/* Begin XCConfigurationList section */
		57946E0E28C4FC44005BE8FE /* Build configuration list for PBXProject "DeliveryFood" */ = {
			isa = XCConfigurationList;
			buildConfigurations = (
				57946E3B28C4FC45005BE8FE /* Debug */,
				57946E3C28C4FC45005BE8FE /* Release */,
			);
			defaultConfigurationIsVisible = 0;
			defaultConfigurationName = Release;
		};
		57946E3D28C4FC45005BE8FE /* Build configuration list for PBXNativeTarget "DeliveryFood" */ = {
			isa = XCConfigurationList;
			buildConfigurations = (
				57946E3E28C4FC45005BE8FE /* Debug */,
				57946E3F28C4FC45005BE8FE /* Release */,
			);
			defaultConfigurationIsVisible = 0;
			defaultConfigurationName = Release;
		};
		57946E4028C4FC45005BE8FE /* Build configuration list for PBXNativeTarget "DeliveryFoodTests" */ = {
			isa = XCConfigurationList;
			buildConfigurations = (
				57946E4128C4FC45005BE8FE /* Debug */,
				57946E4228C4FC45005BE8FE /* Release */,
			);
			defaultConfigurationIsVisible = 0;
			defaultConfigurationName = Release;
		};
		57946E4328C4FC45005BE8FE /* Build configuration list for PBXNativeTarget "DeliveryFoodUITests" */ = {
			isa = XCConfigurationList;
			buildConfigurations = (
				57946E4428C4FC45005BE8FE /* Debug */,
				57946E4528C4FC45005BE8FE /* Release */,
			);
			defaultConfigurationIsVisible = 0;
			defaultConfigurationName = Release;
		};
/* End XCConfigurationList section */
	};
	rootObject = 57946E0B28C4FC44005BE8FE /* Project object */;
}
